// !$*UTF8*$!
{
	archiveVersion = 1;
	classes = {
	};
	objectVersion = 55;
	objects = {

/* Begin PBXBuildFile section */
		9323D1F628D09AA200659885 /* WorkOutListViewController.swift in Sources */ = {isa = PBXBuildFile; fileRef = 9323D1F528D09AA200659885 /* WorkOutListViewController.swift */; };
		9323D1F828D09AB000659885 /* WorkOutListView.swift in Sources */ = {isa = PBXBuildFile; fileRef = 9323D1F728D09AB000659885 /* WorkOutListView.swift */; };
		9323D1FA28D0A56B00659885 /* ExerciseModel.swift in Sources */ = {isa = PBXBuildFile; fileRef = 9323D1F928D0A56B00659885 /* ExerciseModel.swift */; };
		932B83A428D1959500EAF221 /* WorkOutListTableViewCell.swift in Sources */ = {isa = PBXBuildFile; fileRef = 932B83A328D1959500EAF221 /* WorkOutListTableViewCell.swift */; };
		932B83A628D1ADA300EAF221 /* WODRealmTable.swift in Sources */ = {isa = PBXBuildFile; fileRef = 932B83A528D1ADA300EAF221 /* WODRealmTable.swift */; };
		932B83A828D1B17D00EAF221 /* WODRealmCRUD.swift in Sources */ = {isa = PBXBuildFile; fileRef = 932B83A728D1B17D00EAF221 /* WODRealmCRUD.swift */; };
		932B83AA28D1B9B900EAF221 /* DateFormatter+Extension.swift in Sources */ = {isa = PBXBuildFile; fileRef = 932B83A928D1B9B900EAF221 /* DateFormatter+Extension.swift */; };
		932B83B528D1C30C00EAF221 /* BaseView.swift in Sources */ = {isa = PBXBuildFile; fileRef = 932B83B428D1C30C00EAF221 /* BaseView.swift */; };
		932B83B728D1C31600EAF221 /* BaseViewController.swift in Sources */ = {isa = PBXBuildFile; fileRef = 932B83B628D1C31600EAF221 /* BaseViewController.swift */; };
		932B83BC28D2F41400EAF221 /* ModifyViewController.swift in Sources */ = {isa = PBXBuildFile; fileRef = 932B83BB28D2F41400EAF221 /* ModifyViewController.swift */; };
		932B83BE28D2F42300EAF221 /* ModifyView.swift in Sources */ = {isa = PBXBuildFile; fileRef = 932B83BD28D2F42300EAF221 /* ModifyView.swift */; };
		93333C760EDC28331BCD8463 /* Pods_Crossfit_Diary.framework in Frameworks */ = {isa = PBXBuildFile; fileRef = 078181CAD74CA8352254757D /* Pods_Crossfit_Diary.framework */; };
		9353F98B28EEA23100B28B32 /* PRRealmTable.swift in Sources */ = {isa = PBXBuildFile; fileRef = 9353F98A28EEA23100B28B32 /* PRRealmTable.swift */; };
		9353F98D28EEA23B00B28B32 /* PRRealmCRUD.swift in Sources */ = {isa = PBXBuildFile; fileRef = 9353F98C28EEA23B00B28B32 /* PRRealmCRUD.swift */; };
		9374377328D97D6800D67C12 /* APIKey.swift in Sources */ = {isa = PBXBuildFile; fileRef = 9374377228D97D6800D67C12 /* APIKey.swift */; };
		9374377528D97DB400D67C12 /* KakaoSearchAPIManager.swift in Sources */ = {isa = PBXBuildFile; fileRef = 9374377428D97DB400D67C12 /* KakaoSearchAPIManager.swift */; };
		9374377828D97DFF00D67C12 /* Alamofire in Frameworks */ = {isa = PBXBuildFile; productRef = 9374377728D97DFF00D67C12 /* Alamofire */; };
		9374377B28D97E1300D67C12 /* SwiftyJSON in Frameworks */ = {isa = PBXBuildFile; productRef = 9374377A28D97E1300D67C12 /* SwiftyJSON */; };
		9374378028D99FEF00D67C12 /* MapView.swift in Sources */ = {isa = PBXBuildFile; fileRef = 9374377F28D99FEF00D67C12 /* MapView.swift */; };
		9374378328DAEF6D00D67C12 /* Toast in Frameworks */ = {isa = PBXBuildFile; productRef = 9374378228DAEF6D00D67C12 /* Toast */; };
		9374378728DD94C800D67C12 /* UIColor+Extension.swift in Sources */ = {isa = PBXBuildFile; fileRef = 9374378628DD94C800D67C12 /* UIColor+Extension.swift */; };
		9374378A28DDA3D100D67C12 /* IQKeyboardManagerSwift in Frameworks */ = {isa = PBXBuildFile; productRef = 9374378928DDA3D100D67C12 /* IQKeyboardManagerSwift */; };
		9397458628D446B300F81DA5 /* CalendarTableViewCell.swift in Sources */ = {isa = PBXBuildFile; fileRef = 9397458528D446B300F81DA5 /* CalendarTableViewCell.swift */; };
		93CAC5FF28E2CA8B00DC85D0 /* WriteTableViewHeaderView.swift in Sources */ = {isa = PBXBuildFile; fileRef = 93CAC5FE28E2CA8B00DC85D0 /* WriteTableViewHeaderView.swift */; };
		93CAC60228E3DCEE00DC85D0 /* Realm in Frameworks */ = {isa = PBXBuildFile; productRef = 93CAC60128E3DCEE00DC85D0 /* Realm */; };
		93CAC60428E3DCEE00DC85D0 /* RealmSwift in Frameworks */ = {isa = PBXBuildFile; productRef = 93CAC60328E3DCEE00DC85D0 /* RealmSwift */; };
		93CAC60C28E8472700DC85D0 /* Cluster in Frameworks */ = {isa = PBXBuildFile; productRef = 93CAC60B28E8472700DC85D0 /* Cluster */; };
		93CAC63028ED1D6000DC85D0 /* GoogleService-Info.plist in Resources */ = {isa = PBXBuildFile; fileRef = 93CAC62F28ED1D6000DC85D0 /* GoogleService-Info.plist */; };
		93CAC63C28ED57C300DC85D0 /* PRView.swift in Sources */ = {isa = PBXBuildFile; fileRef = 93CAC63B28ED57C300DC85D0 /* PRView.swift */; };
		93CAC63E28ED57CD00DC85D0 /* PRViewController.swift in Sources */ = {isa = PBXBuildFile; fileRef = 93CAC63D28ED57CD00DC85D0 /* PRViewController.swift */; };
		93CAC64028ED5A9100DC85D0 /* PRTableViewCell.swift in Sources */ = {isa = PBXBuildFile; fileRef = 93CAC63F28ED5A9100DC85D0 /* PRTableViewCell.swift */; };
		93CAC64328ED638F00DC85D0 /* WritePRView.swift in Sources */ = {isa = PBXBuildFile; fileRef = 93CAC64228ED638F00DC85D0 /* WritePRView.swift */; };
		93CAC64528ED639D00DC85D0 /* WritePRViewController.swift in Sources */ = {isa = PBXBuildFile; fileRef = 93CAC64428ED639D00DC85D0 /* WritePRViewController.swift */; };
		93CAC64728ED668800DC85D0 /* UITextField+Extension.swift in Sources */ = {isa = PBXBuildFile; fileRef = 93CAC64628ED668800DC85D0 /* UITextField+Extension.swift */; };
		93CAC64928ED669600DC85D0 /* UILabel+Extension.swift in Sources */ = {isa = PBXBuildFile; fileRef = 93CAC64828ED669600DC85D0 /* UILabel+Extension.swift */; };
		93D941AB28CB129F002CDB03 /* AppDelegate.swift in Sources */ = {isa = PBXBuildFile; fileRef = 93D941AA28CB129F002CDB03 /* AppDelegate.swift */; };
		93D941AD28CB129F002CDB03 /* SceneDelegate.swift in Sources */ = {isa = PBXBuildFile; fileRef = 93D941AC28CB129F002CDB03 /* SceneDelegate.swift */; };
		93D941B428CB12A3002CDB03 /* Assets.xcassets in Resources */ = {isa = PBXBuildFile; fileRef = 93D941B328CB12A3002CDB03 /* Assets.xcassets */; };
		93D941B728CB12A3002CDB03 /* LaunchScreen.storyboard in Resources */ = {isa = PBXBuildFile; fileRef = 93D941B528CB12A3002CDB03 /* LaunchScreen.storyboard */; };
		93D941CD28CB1462002CDB03 /* CalendarViewController.swift in Sources */ = {isa = PBXBuildFile; fileRef = 93D941CC28CB1462002CDB03 /* CalendarViewController.swift */; };
		93D941CF28CB1479002CDB03 /* CalendarView.swift in Sources */ = {isa = PBXBuildFile; fileRef = 93D941CE28CB1479002CDB03 /* CalendarView.swift */; };
		93D941D128CB14B7002CDB03 /* WriteViewController.swift in Sources */ = {isa = PBXBuildFile; fileRef = 93D941D028CB14B7002CDB03 /* WriteViewController.swift */; };
		93D941D328CB14C8002CDB03 /* WriteView.swift in Sources */ = {isa = PBXBuildFile; fileRef = 93D941D228CB14C8002CDB03 /* WriteView.swift */; };
		93D941D528CB14D5002CDB03 /* MapViewController.swift in Sources */ = {isa = PBXBuildFile; fileRef = 93D941D428CB14D5002CDB03 /* MapViewController.swift */; };
		93D941DD28CB1E33002CDB03 /* TabBarController.swift in Sources */ = {isa = PBXBuildFile; fileRef = 93D941DC28CB1E33002CDB03 /* TabBarController.swift */; };
		93D941E028CB1F72002CDB03 /* SnapKit in Frameworks */ = {isa = PBXBuildFile; productRef = 93D941DF28CB1F72002CDB03 /* SnapKit */; };
		93D941E828CB1FAC002CDB03 /* FSCalendar in Frameworks */ = {isa = PBXBuildFile; productRef = 93D941E728CB1FAC002CDB03 /* FSCalendar */; };
		93D941EA28CB2D1A002CDB03 /* Main.storyboard in Resources */ = {isa = PBXBuildFile; fileRef = 93D941E928CB2D1A002CDB03 /* Main.storyboard */; };
		93DB553328F926E300740087 /* FirebaseAnalyticsWithoutAdIdSupport in Frameworks */ = {isa = PBXBuildFile; productRef = 93DB553228F926E300740087 /* FirebaseAnalyticsWithoutAdIdSupport */; };
		93DB553528F926E300740087 /* FirebaseCrashlytics in Frameworks */ = {isa = PBXBuildFile; productRef = 93DB553428F926E300740087 /* FirebaseCrashlytics */; };
		93DB553728F926E300740087 /* FirebaseMessaging in Frameworks */ = {isa = PBXBuildFile; productRef = 93DB553628F926E300740087 /* FirebaseMessaging */; };
/* End PBXBuildFile section */

/* Begin PBXFileReference section */
		078181CAD74CA8352254757D /* Pods_Crossfit_Diary.framework */ = {isa = PBXFileReference; explicitFileType = wrapper.framework; includeInIndex = 0; path = Pods_Crossfit_Diary.framework; sourceTree = BUILT_PRODUCTS_DIR; };
		3C1D94B4648AFEF3AC1ECC18 /* Pods-Crossfit Diary.debug.xcconfig */ = {isa = PBXFileReference; includeInIndex = 1; lastKnownFileType = text.xcconfig; name = "Pods-Crossfit Diary.debug.xcconfig"; path = "Target Support Files/Pods-Crossfit Diary/Pods-Crossfit Diary.debug.xcconfig"; sourceTree = "<group>"; };
		6BA27EEFE1299CF16BB157A4 /* Pods-Crossfit Diary.release.xcconfig */ = {isa = PBXFileReference; includeInIndex = 1; lastKnownFileType = text.xcconfig; name = "Pods-Crossfit Diary.release.xcconfig"; path = "Target Support Files/Pods-Crossfit Diary/Pods-Crossfit Diary.release.xcconfig"; sourceTree = "<group>"; };
		9323D1F528D09AA200659885 /* WorkOutListViewController.swift */ = {isa = PBXFileReference; lastKnownFileType = sourcecode.swift; path = WorkOutListViewController.swift; sourceTree = "<group>"; };
		9323D1F728D09AB000659885 /* WorkOutListView.swift */ = {isa = PBXFileReference; lastKnownFileType = sourcecode.swift; path = WorkOutListView.swift; sourceTree = "<group>"; };
		9323D1F928D0A56B00659885 /* ExerciseModel.swift */ = {isa = PBXFileReference; lastKnownFileType = sourcecode.swift; path = ExerciseModel.swift; sourceTree = "<group>"; };
		932B83A328D1959500EAF221 /* WorkOutListTableViewCell.swift */ = {isa = PBXFileReference; lastKnownFileType = sourcecode.swift; path = WorkOutListTableViewCell.swift; sourceTree = "<group>"; usesTabs = 0; };
		932B83A528D1ADA300EAF221 /* WODRealmTable.swift */ = {isa = PBXFileReference; lastKnownFileType = sourcecode.swift; path = WODRealmTable.swift; sourceTree = "<group>"; };
		932B83A728D1B17D00EAF221 /* WODRealmCRUD.swift */ = {isa = PBXFileReference; lastKnownFileType = sourcecode.swift; path = WODRealmCRUD.swift; sourceTree = "<group>"; };
		932B83A928D1B9B900EAF221 /* DateFormatter+Extension.swift */ = {isa = PBXFileReference; lastKnownFileType = sourcecode.swift; path = "DateFormatter+Extension.swift"; sourceTree = "<group>"; };
		932B83B428D1C30C00EAF221 /* BaseView.swift */ = {isa = PBXFileReference; lastKnownFileType = sourcecode.swift; path = BaseView.swift; sourceTree = "<group>"; };
		932B83B628D1C31600EAF221 /* BaseViewController.swift */ = {isa = PBXFileReference; lastKnownFileType = sourcecode.swift; path = BaseViewController.swift; sourceTree = "<group>"; };
		932B83BB28D2F41400EAF221 /* ModifyViewController.swift */ = {isa = PBXFileReference; lastKnownFileType = sourcecode.swift; path = ModifyViewController.swift; sourceTree = "<group>"; };
		932B83BD28D2F42300EAF221 /* ModifyView.swift */ = {isa = PBXFileReference; lastKnownFileType = sourcecode.swift; path = ModifyView.swift; sourceTree = "<group>"; };
		9353F98A28EEA23100B28B32 /* PRRealmTable.swift */ = {isa = PBXFileReference; lastKnownFileType = sourcecode.swift; path = PRRealmTable.swift; sourceTree = "<group>"; };
		9353F98C28EEA23B00B28B32 /* PRRealmCRUD.swift */ = {isa = PBXFileReference; lastKnownFileType = sourcecode.swift; path = PRRealmCRUD.swift; sourceTree = "<group>"; };
		9374377228D97D6800D67C12 /* APIKey.swift */ = {isa = PBXFileReference; lastKnownFileType = sourcecode.swift; path = APIKey.swift; sourceTree = "<group>"; };
		9374377428D97DB400D67C12 /* KakaoSearchAPIManager.swift */ = {isa = PBXFileReference; lastKnownFileType = sourcecode.swift; path = KakaoSearchAPIManager.swift; sourceTree = "<group>"; };
		9374377F28D99FEF00D67C12 /* MapView.swift */ = {isa = PBXFileReference; lastKnownFileType = sourcecode.swift; path = MapView.swift; sourceTree = "<group>"; };
		9374378628DD94C800D67C12 /* UIColor+Extension.swift */ = {isa = PBXFileReference; lastKnownFileType = sourcecode.swift; path = "UIColor+Extension.swift"; sourceTree = "<group>"; };
		9397458528D446B300F81DA5 /* CalendarTableViewCell.swift */ = {isa = PBXFileReference; lastKnownFileType = sourcecode.swift; path = CalendarTableViewCell.swift; sourceTree = "<group>"; };
		93CAC5FE28E2CA8B00DC85D0 /* WriteTableViewHeaderView.swift */ = {isa = PBXFileReference; lastKnownFileType = sourcecode.swift; path = WriteTableViewHeaderView.swift; sourceTree = "<group>"; };
		93CAC62F28ED1D6000DC85D0 /* GoogleService-Info.plist */ = {isa = PBXFileReference; fileEncoding = 4; lastKnownFileType = text.plist.xml; path = "GoogleService-Info.plist"; sourceTree = "<group>"; };
		93CAC63B28ED57C300DC85D0 /* PRView.swift */ = {isa = PBXFileReference; lastKnownFileType = sourcecode.swift; path = PRView.swift; sourceTree = "<group>"; };
		93CAC63D28ED57CD00DC85D0 /* PRViewController.swift */ = {isa = PBXFileReference; lastKnownFileType = sourcecode.swift; path = PRViewController.swift; sourceTree = "<group>"; };
		93CAC63F28ED5A9100DC85D0 /* PRTableViewCell.swift */ = {isa = PBXFileReference; lastKnownFileType = sourcecode.swift; path = PRTableViewCell.swift; sourceTree = "<group>"; };
		93CAC64228ED638F00DC85D0 /* WritePRView.swift */ = {isa = PBXFileReference; lastKnownFileType = sourcecode.swift; path = WritePRView.swift; sourceTree = "<group>"; };
		93CAC64428ED639D00DC85D0 /* WritePRViewController.swift */ = {isa = PBXFileReference; lastKnownFileType = sourcecode.swift; path = WritePRViewController.swift; sourceTree = "<group>"; };
		93CAC64628ED668800DC85D0 /* UITextField+Extension.swift */ = {isa = PBXFileReference; lastKnownFileType = sourcecode.swift; path = "UITextField+Extension.swift"; sourceTree = "<group>"; };
		93CAC64828ED669600DC85D0 /* UILabel+Extension.swift */ = {isa = PBXFileReference; lastKnownFileType = sourcecode.swift; path = "UILabel+Extension.swift"; sourceTree = "<group>"; };
		93D941A728CB129F002CDB03 /* Crossfit Diary.app */ = {isa = PBXFileReference; explicitFileType = wrapper.application; includeInIndex = 0; path = "Crossfit Diary.app"; sourceTree = BUILT_PRODUCTS_DIR; };
		93D941AA28CB129F002CDB03 /* AppDelegate.swift */ = {isa = PBXFileReference; lastKnownFileType = sourcecode.swift; path = AppDelegate.swift; sourceTree = "<group>"; };
		93D941AC28CB129F002CDB03 /* SceneDelegate.swift */ = {isa = PBXFileReference; lastKnownFileType = sourcecode.swift; path = SceneDelegate.swift; sourceTree = "<group>"; };
		93D941B328CB12A3002CDB03 /* Assets.xcassets */ = {isa = PBXFileReference; lastKnownFileType = folder.assetcatalog; path = Assets.xcassets; sourceTree = "<group>"; };
		93D941B628CB12A3002CDB03 /* Base */ = {isa = PBXFileReference; lastKnownFileType = file.storyboard; name = Base; path = Base.lproj/LaunchScreen.storyboard; sourceTree = "<group>"; };
		93D941B828CB12A3002CDB03 /* Info.plist */ = {isa = PBXFileReference; lastKnownFileType = text.plist.xml; path = Info.plist; sourceTree = "<group>"; };
		93D941CC28CB1462002CDB03 /* CalendarViewController.swift */ = {isa = PBXFileReference; lastKnownFileType = sourcecode.swift; path = CalendarViewController.swift; sourceTree = "<group>"; };
		93D941CE28CB1479002CDB03 /* CalendarView.swift */ = {isa = PBXFileReference; lastKnownFileType = sourcecode.swift; path = CalendarView.swift; sourceTree = "<group>"; };
		93D941D028CB14B7002CDB03 /* WriteViewController.swift */ = {isa = PBXFileReference; lastKnownFileType = sourcecode.swift; path = WriteViewController.swift; sourceTree = "<group>"; };
		93D941D228CB14C8002CDB03 /* WriteView.swift */ = {isa = PBXFileReference; lastKnownFileType = sourcecode.swift; path = WriteView.swift; sourceTree = "<group>"; };
		93D941D428CB14D5002CDB03 /* MapViewController.swift */ = {isa = PBXFileReference; lastKnownFileType = sourcecode.swift; path = MapViewController.swift; sourceTree = "<group>"; };
		93D941DC28CB1E33002CDB03 /* TabBarController.swift */ = {isa = PBXFileReference; lastKnownFileType = sourcecode.swift; path = TabBarController.swift; sourceTree = "<group>"; };
		93D941E928CB2D1A002CDB03 /* Main.storyboard */ = {isa = PBXFileReference; lastKnownFileType = file.storyboard; path = Main.storyboard; sourceTree = "<group>"; };
		93DB553828F92BE100740087 /* Crossfit Diary.entitlements */ = {isa = PBXFileReference; lastKnownFileType = text.plist.entitlements; path = "Crossfit Diary.entitlements"; sourceTree = "<group>"; };
/* End PBXFileReference section */

/* Begin PBXFrameworksBuildPhase section */
		93D941A428CB129F002CDB03 /* Frameworks */ = {
			isa = PBXFrameworksBuildPhase;
			buildActionMask = 2147483647;
			files = (
				9374378328DAEF6D00D67C12 /* Toast in Frameworks */,
				9374377B28D97E1300D67C12 /* SwiftyJSON in Frameworks */,
				93D941E828CB1FAC002CDB03 /* FSCalendar in Frameworks */,
				93CAC60428E3DCEE00DC85D0 /* RealmSwift in Frameworks */,
				93DB553328F926E300740087 /* FirebaseAnalyticsWithoutAdIdSupport in Frameworks */,
				9374378A28DDA3D100D67C12 /* IQKeyboardManagerSwift in Frameworks */,
				9374377828D97DFF00D67C12 /* Alamofire in Frameworks */,
				93D941E028CB1F72002CDB03 /* SnapKit in Frameworks */,
				93DB553728F926E300740087 /* FirebaseMessaging in Frameworks */,
				93CAC60228E3DCEE00DC85D0 /* Realm in Frameworks */,
				93DB553528F926E300740087 /* FirebaseCrashlytics in Frameworks */,
				93333C760EDC28331BCD8463 /* Pods_Crossfit_Diary.framework in Frameworks */,
				93CAC60C28E8472700DC85D0 /* Cluster in Frameworks */,
			);
			runOnlyForDeploymentPostprocessing = 0;
		};
/* End PBXFrameworksBuildPhase section */

/* Begin PBXGroup section */
		6610791295C8B44CA6A871C9 /* Frameworks */ = {
			isa = PBXGroup;
			children = (
				078181CAD74CA8352254757D /* Pods_Crossfit_Diary.framework */,
			);
			name = Frameworks;
			sourceTree = "<group>";
		};
		9323D1F428D09A7F00659885 /* WorkOutListScene */ = {
			isa = PBXGroup;
			children = (
				9323D1F528D09AA200659885 /* WorkOutListViewController.swift */,
				932B83A328D1959500EAF221 /* WorkOutListTableViewCell.swift */,
				9323D1F728D09AB000659885 /* WorkOutListView.swift */,
			);
			path = WorkOutListScene;
			sourceTree = "<group>";
		};
		932B83B328D1C2FD00EAF221 /* BaseScene */ = {
			isa = PBXGroup;
			children = (
				932B83B428D1C30C00EAF221 /* BaseView.swift */,
				932B83B628D1C31600EAF221 /* BaseViewController.swift */,
			);
			path = BaseScene;
			sourceTree = "<group>";
		};
		932B83B828D2E7FE00EAF221 /* Utils & Network */ = {
			isa = PBXGroup;
			children = (
				9374377228D97D6800D67C12 /* APIKey.swift */,
				9374377428D97DB400D67C12 /* KakaoSearchAPIManager.swift */,
			);
			path = "Utils & Network";
			sourceTree = "<group>";
		};
		93CAC63A28ED56E100DC85D0 /* PRScene */ = {
			isa = PBXGroup;
			children = (
				93CAC63B28ED57C300DC85D0 /* PRView.swift */,
				93CAC63D28ED57CD00DC85D0 /* PRViewController.swift */,
				93CAC63F28ED5A9100DC85D0 /* PRTableViewCell.swift */,
			);
			path = PRScene;
			sourceTree = "<group>";
		};
		93CAC64128ED636500DC85D0 /* WritePRScene */ = {
			isa = PBXGroup;
			children = (
				93CAC64228ED638F00DC85D0 /* WritePRView.swift */,
				93CAC64428ED639D00DC85D0 /* WritePRViewController.swift */,
			);
			path = WritePRScene;
			sourceTree = "<group>";
		};
		93D9419E28CB129F002CDB03 = {
			isa = PBXGroup;
			children = (
				93D941A928CB129F002CDB03 /* Crossfit Diary */,
				93D941A828CB129F002CDB03 /* Products */,
				F89D34F9F599D4E65F1ED19E /* Pods */,
				6610791295C8B44CA6A871C9 /* Frameworks */,
			);
			sourceTree = "<group>";
		};
		93D941A828CB129F002CDB03 /* Products */ = {
			isa = PBXGroup;
			children = (
				93D941A728CB129F002CDB03 /* Crossfit Diary.app */,
			);
			name = Products;
			sourceTree = "<group>";
		};
		93D941A928CB129F002CDB03 /* Crossfit Diary */ = {
			isa = PBXGroup;
			children = (
				93DB553828F92BE100740087 /* Crossfit Diary.entitlements */,
				932B83B828D2E7FE00EAF221 /* Utils & Network */,
				93D941C528CB138F002CDB03 /* Extensions */,
				93D941C328CB1383002CDB03 /* Model */,
				93D941C928CB140F002CDB03 /* CalendarScene */,
				93D941CB28CB143C002CDB03 /* WriteScene */,
				9323D1F428D09A7F00659885 /* WorkOutListScene */,
				93D941CA28CB141C002CDB03 /* MapScene */,
				93CAC63A28ED56E100DC85D0 /* PRScene */,
				93CAC64128ED636500DC85D0 /* WritePRScene */,
				932B83B328D1C2FD00EAF221 /* BaseScene */,
				93D941AA28CB129F002CDB03 /* AppDelegate.swift */,
				93D941AC28CB129F002CDB03 /* SceneDelegate.swift */,
				93D941DC28CB1E33002CDB03 /* TabBarController.swift */,
				93D941E928CB2D1A002CDB03 /* Main.storyboard */,
				93D941B328CB12A3002CDB03 /* Assets.xcassets */,
				93D941B528CB12A3002CDB03 /* LaunchScreen.storyboard */,
				93CAC62F28ED1D6000DC85D0 /* GoogleService-Info.plist */,
				93D941B828CB12A3002CDB03 /* Info.plist */,
			);
			path = "Crossfit Diary";
			sourceTree = "<group>";
		};
		93D941C328CB1383002CDB03 /* Model */ = {
			isa = PBXGroup;
			children = (
				9323D1F928D0A56B00659885 /* ExerciseModel.swift */,
				932B83A528D1ADA300EAF221 /* WODRealmTable.swift */,
				932B83A728D1B17D00EAF221 /* WODRealmCRUD.swift */,
				9353F98A28EEA23100B28B32 /* PRRealmTable.swift */,
				9353F98C28EEA23B00B28B32 /* PRRealmCRUD.swift */,
			);
			path = Model;
			sourceTree = "<group>";
		};
		93D941C528CB138F002CDB03 /* Extensions */ = {
			isa = PBXGroup;
			children = (
				9374378628DD94C800D67C12 /* UIColor+Extension.swift */,
				932B83A928D1B9B900EAF221 /* DateFormatter+Extension.swift */,
				93CAC64628ED668800DC85D0 /* UITextField+Extension.swift */,
				93CAC64828ED669600DC85D0 /* UILabel+Extension.swift */,
			);
			path = Extensions;
			sourceTree = "<group>";
		};
		93D941C928CB140F002CDB03 /* CalendarScene */ = {
			isa = PBXGroup;
			children = (
				93D941CC28CB1462002CDB03 /* CalendarViewController.swift */,
				9397458528D446B300F81DA5 /* CalendarTableViewCell.swift */,
				93D941CE28CB1479002CDB03 /* CalendarView.swift */,
			);
			path = CalendarScene;
			sourceTree = "<group>";
		};
		93D941CA28CB141C002CDB03 /* MapScene */ = {
			isa = PBXGroup;
			children = (
				93D941D428CB14D5002CDB03 /* MapViewController.swift */,
				9374377F28D99FEF00D67C12 /* MapView.swift */,
			);
			path = MapScene;
			sourceTree = "<group>";
		};
		93D941CB28CB143C002CDB03 /* WriteScene */ = {
			isa = PBXGroup;
			children = (
				93D941D028CB14B7002CDB03 /* WriteViewController.swift */,
				93D941D228CB14C8002CDB03 /* WriteView.swift */,
				93CAC5FE28E2CA8B00DC85D0 /* WriteTableViewHeaderView.swift */,
				932B83BB28D2F41400EAF221 /* ModifyViewController.swift */,
				932B83BD28D2F42300EAF221 /* ModifyView.swift */,
			);
			path = WriteScene;
			sourceTree = "<group>";
		};
		F89D34F9F599D4E65F1ED19E /* Pods */ = {
			isa = PBXGroup;
			children = (
				3C1D94B4648AFEF3AC1ECC18 /* Pods-Crossfit Diary.debug.xcconfig */,
				6BA27EEFE1299CF16BB157A4 /* Pods-Crossfit Diary.release.xcconfig */,
			);
			path = Pods;
			sourceTree = "<group>";
		};
/* End PBXGroup section */

/* Begin PBXNativeTarget section */
		93D941A628CB129F002CDB03 /* Crossfit Diary */ = {
			isa = PBXNativeTarget;
			buildConfigurationList = 93D941BB28CB12A3002CDB03 /* Build configuration list for PBXNativeTarget "Crossfit Diary" */;
			buildPhases = (
				C5E7EBF1E6D836B71E6E3937 /* [CP] Check Pods Manifest.lock */,
				93D941A328CB129F002CDB03 /* Sources */,
				93D941A428CB129F002CDB03 /* Frameworks */,
				93D941A528CB129F002CDB03 /* Resources */,
				93CAC63928ED2E3A00DC85D0 /* ShellScript */,
			);
			buildRules = (
			);
			dependencies = (
			);
			name = "Crossfit Diary";
			packageProductDependencies = (
				93D941DF28CB1F72002CDB03 /* SnapKit */,
				93D941E728CB1FAC002CDB03 /* FSCalendar */,
				9374377728D97DFF00D67C12 /* Alamofire */,
				9374377A28D97E1300D67C12 /* SwiftyJSON */,
				9374378228DAEF6D00D67C12 /* Toast */,
				9374378928DDA3D100D67C12 /* IQKeyboardManagerSwift */,
				93CAC60128E3DCEE00DC85D0 /* Realm */,
				93CAC60328E3DCEE00DC85D0 /* RealmSwift */,
				93CAC60B28E8472700DC85D0 /* Cluster */,
				93DB553228F926E300740087 /* FirebaseAnalyticsWithoutAdIdSupport */,
				93DB553428F926E300740087 /* FirebaseCrashlytics */,
				93DB553628F926E300740087 /* FirebaseMessaging */,
			);
			productName = "Crossfit Diary";
			productReference = 93D941A728CB129F002CDB03 /* Crossfit Diary.app */;
			productType = "com.apple.product-type.application";
		};
/* End PBXNativeTarget section */

/* Begin PBXProject section */
		93D9419F28CB129F002CDB03 /* Project object */ = {
			isa = PBXProject;
			attributes = {
				BuildIndependentTargetsInParallel = 1;
				LastSwiftUpdateCheck = 1340;
				LastUpgradeCheck = 1340;
				TargetAttributes = {
					93D941A628CB129F002CDB03 = {
						CreatedOnToolsVersion = 13.4.1;
					};
				};
			};
			buildConfigurationList = 93D941A228CB129F002CDB03 /* Build configuration list for PBXProject "Crossfit Diary" */;
			compatibilityVersion = "Xcode 13.0";
			developmentRegion = en;
			hasScannedForEncodings = 0;
			knownRegions = (
				en,
				Base,
			);
			mainGroup = 93D9419E28CB129F002CDB03;
			packageReferences = (
				93D941DE28CB1F72002CDB03 /* XCRemoteSwiftPackageReference "SnapKit" */,
				93D941E628CB1FAC002CDB03 /* XCRemoteSwiftPackageReference "FSCalendar" */,
				9374377628D97DFF00D67C12 /* XCRemoteSwiftPackageReference "Alamofire" */,
				9374377928D97E1300D67C12 /* XCRemoteSwiftPackageReference "SwiftyJSON" */,
				9374378128DAEF6D00D67C12 /* XCRemoteSwiftPackageReference "Toast-Swift" */,
				9374378828DDA3D000D67C12 /* XCRemoteSwiftPackageReference "IQKeyboardManager" */,
				93CAC60028E3DCEE00DC85D0 /* XCRemoteSwiftPackageReference "realm-swift" */,
				93CAC60A28E8472700DC85D0 /* XCRemoteSwiftPackageReference "Cluster" */,
				93DB553128F926E200740087 /* XCRemoteSwiftPackageReference "firebase-ios-sdk" */,
			);
			productRefGroup = 93D941A828CB129F002CDB03 /* Products */;
			projectDirPath = "";
			projectRoot = "";
			targets = (
				93D941A628CB129F002CDB03 /* Crossfit Diary */,
			);
		};
/* End PBXProject section */

/* Begin PBXResourcesBuildPhase section */
		93D941A528CB129F002CDB03 /* Resources */ = {
			isa = PBXResourcesBuildPhase;
			buildActionMask = 2147483647;
			files = (
				93D941EA28CB2D1A002CDB03 /* Main.storyboard in Resources */,
				93D941B728CB12A3002CDB03 /* LaunchScreen.storyboard in Resources */,
				93D941B428CB12A3002CDB03 /* Assets.xcassets in Resources */,
				93CAC63028ED1D6000DC85D0 /* GoogleService-Info.plist in Resources */,
			);
			runOnlyForDeploymentPostprocessing = 0;
		};
/* End PBXResourcesBuildPhase section */

/* Begin PBXShellScriptBuildPhase section */
		93CAC63928ED2E3A00DC85D0 /* ShellScript */ = {
			isa = PBXShellScriptBuildPhase;
			buildActionMask = 2147483647;
			files = (
			);
			inputFileListPaths = (
			);
			inputPaths = (
				"${DWARF_DSYM_FOLDER_PATH}/${DWARF_DSYM_FILE_NAME}/Contents/Resources/DWARF/${TARGET_NAME}",
				"$(SRCROOT)/$(BUILT_PRODUCTS_DIR)/$(INFOPLIST_PATH)",
			);
			outputFileListPaths = (
			);
			outputPaths = (
			);
			runOnlyForDeploymentPostprocessing = 0;
			shellPath = /bin/sh;
			shellScript = "# Type a script or drag a script file from your workspace to insert its path.\n\"${BUILD_DIR%/Build/*}/SourcePackages/checkouts/firebase-ios-sdk/Crashlytics/run\"\n";
		};
		C5E7EBF1E6D836B71E6E3937 /* [CP] Check Pods Manifest.lock */ = {
			isa = PBXShellScriptBuildPhase;
			buildActionMask = 2147483647;
			files = (
			);
			inputFileListPaths = (
			);
			inputPaths = (
				"${PODS_PODFILE_DIR_PATH}/Podfile.lock",
				"${PODS_ROOT}/Manifest.lock",
			);
			name = "[CP] Check Pods Manifest.lock";
			outputFileListPaths = (
			);
			outputPaths = (
				"$(DERIVED_FILE_DIR)/Pods-Crossfit Diary-checkManifestLockResult.txt",
			);
			runOnlyForDeploymentPostprocessing = 0;
			shellPath = /bin/sh;
			shellScript = "diff \"${PODS_PODFILE_DIR_PATH}/Podfile.lock\" \"${PODS_ROOT}/Manifest.lock\" > /dev/null\nif [ $? != 0 ] ; then\n    # print error to STDERR\n    echo \"error: The sandbox is not in sync with the Podfile.lock. Run 'pod install' or update your CocoaPods installation.\" >&2\n    exit 1\nfi\n# This output is used by Xcode 'outputs' to avoid re-running this script phase.\necho \"SUCCESS\" > \"${SCRIPT_OUTPUT_FILE_0}\"\n";
			showEnvVarsInLog = 0;
		};
/* End PBXShellScriptBuildPhase section */

/* Begin PBXSourcesBuildPhase section */
		93D941A328CB129F002CDB03 /* Sources */ = {
			isa = PBXSourcesBuildPhase;
			buildActionMask = 2147483647;
			files = (
				93D941D528CB14D5002CDB03 /* MapViewController.swift in Sources */,
				9374378028D99FEF00D67C12 /* MapView.swift in Sources */,
				9374377328D97D6800D67C12 /* APIKey.swift in Sources */,
				9353F98B28EEA23100B28B32 /* PRRealmTable.swift in Sources */,
				932B83BE28D2F42300EAF221 /* ModifyView.swift in Sources */,
				93D941DD28CB1E33002CDB03 /* TabBarController.swift in Sources */,
				9374378728DD94C800D67C12 /* UIColor+Extension.swift in Sources */,
				9353F98D28EEA23B00B28B32 /* PRRealmCRUD.swift in Sources */,
				93CAC63E28ED57CD00DC85D0 /* PRViewController.swift in Sources */,
				932B83B528D1C30C00EAF221 /* BaseView.swift in Sources */,
				932B83A628D1ADA300EAF221 /* WODRealmTable.swift in Sources */,
				932B83B728D1C31600EAF221 /* BaseViewController.swift in Sources */,
				93CAC64028ED5A9100DC85D0 /* PRTableViewCell.swift in Sources */,
				93D941D328CB14C8002CDB03 /* WriteView.swift in Sources */,
				93CAC5FF28E2CA8B00DC85D0 /* WriteTableViewHeaderView.swift in Sources */,
				93D941CF28CB1479002CDB03 /* CalendarView.swift in Sources */,
				932B83BC28D2F41400EAF221 /* ModifyViewController.swift in Sources */,
				932B83A428D1959500EAF221 /* WorkOutListTableViewCell.swift in Sources */,
				93D941AB28CB129F002CDB03 /* AppDelegate.swift in Sources */,
				9323D1F828D09AB000659885 /* WorkOutListView.swift in Sources */,
				9323D1F628D09AA200659885 /* WorkOutListViewController.swift in Sources */,
				93CAC63C28ED57C300DC85D0 /* PRView.swift in Sources */,
				93D941CD28CB1462002CDB03 /* CalendarViewController.swift in Sources */,
				9323D1FA28D0A56B00659885 /* ExerciseModel.swift in Sources */,
				93CAC64328ED638F00DC85D0 /* WritePRView.swift in Sources */,
				932B83AA28D1B9B900EAF221 /* DateFormatter+Extension.swift in Sources */,
				93CAC64928ED669600DC85D0 /* UILabel+Extension.swift in Sources */,
				93CAC64728ED668800DC85D0 /* UITextField+Extension.swift in Sources */,
				93CAC64528ED639D00DC85D0 /* WritePRViewController.swift in Sources */,
				93D941AD28CB129F002CDB03 /* SceneDelegate.swift in Sources */,
				9397458628D446B300F81DA5 /* CalendarTableViewCell.swift in Sources */,
				9374377528D97DB400D67C12 /* KakaoSearchAPIManager.swift in Sources */,
				93D941D128CB14B7002CDB03 /* WriteViewController.swift in Sources */,
				932B83A828D1B17D00EAF221 /* WODRealmCRUD.swift in Sources */,
			);
			runOnlyForDeploymentPostprocessing = 0;
		};
/* End PBXSourcesBuildPhase section */

/* Begin PBXVariantGroup section */
		93D941B528CB12A3002CDB03 /* LaunchScreen.storyboard */ = {
			isa = PBXVariantGroup;
			children = (
				93D941B628CB12A3002CDB03 /* Base */,
			);
			name = LaunchScreen.storyboard;
			sourceTree = "<group>";
		};
/* End PBXVariantGroup section */

/* Begin XCBuildConfiguration section */
		93D941B928CB12A3002CDB03 /* Debug */ = {
			isa = XCBuildConfiguration;
			buildSettings = {
				ALWAYS_SEARCH_USER_PATHS = NO;
				CLANG_ANALYZER_NONNULL = YES;
				CLANG_ANALYZER_NUMBER_OBJECT_CONVERSION = YES_AGGRESSIVE;
				CLANG_CXX_LANGUAGE_STANDARD = "gnu++17";
				CLANG_ENABLE_MODULES = YES;
				CLANG_ENABLE_OBJC_ARC = YES;
				CLANG_ENABLE_OBJC_WEAK = YES;
				CLANG_WARN_BLOCK_CAPTURE_AUTORELEASING = YES;
				CLANG_WARN_BOOL_CONVERSION = YES;
				CLANG_WARN_COMMA = YES;
				CLANG_WARN_CONSTANT_CONVERSION = YES;
				CLANG_WARN_DEPRECATED_OBJC_IMPLEMENTATIONS = YES;
				CLANG_WARN_DIRECT_OBJC_ISA_USAGE = YES_ERROR;
				CLANG_WARN_DOCUMENTATION_COMMENTS = YES;
				CLANG_WARN_EMPTY_BODY = YES;
				CLANG_WARN_ENUM_CONVERSION = YES;
				CLANG_WARN_INFINITE_RECURSION = YES;
				CLANG_WARN_INT_CONVERSION = YES;
				CLANG_WARN_NON_LITERAL_NULL_CONVERSION = YES;
				CLANG_WARN_OBJC_IMPLICIT_RETAIN_SELF = YES;
				CLANG_WARN_OBJC_LITERAL_CONVERSION = YES;
				CLANG_WARN_OBJC_ROOT_CLASS = YES_ERROR;
				CLANG_WARN_QUOTED_INCLUDE_IN_FRAMEWORK_HEADER = YES;
				CLANG_WARN_RANGE_LOOP_ANALYSIS = YES;
				CLANG_WARN_STRICT_PROTOTYPES = YES;
				CLANG_WARN_SUSPICIOUS_MOVE = YES;
				CLANG_WARN_UNGUARDED_AVAILABILITY = YES_AGGRESSIVE;
				CLANG_WARN_UNREACHABLE_CODE = YES;
				CLANG_WARN__DUPLICATE_METHOD_MATCH = YES;
				COPY_PHASE_STRIP = NO;
				DEBUG_INFORMATION_FORMAT = dwarf;
				ENABLE_STRICT_OBJC_MSGSEND = YES;
				ENABLE_TESTABILITY = YES;
				GCC_C_LANGUAGE_STANDARD = gnu11;
				GCC_DYNAMIC_NO_PIC = NO;
				GCC_NO_COMMON_BLOCKS = YES;
				GCC_OPTIMIZATION_LEVEL = 0;
				GCC_PREPROCESSOR_DEFINITIONS = (
					"DEBUG=1",
					"$(inherited)",
				);
				GCC_WARN_64_TO_32_BIT_CONVERSION = YES;
				GCC_WARN_ABOUT_RETURN_TYPE = YES_ERROR;
				GCC_WARN_UNDECLARED_SELECTOR = YES;
				GCC_WARN_UNINITIALIZED_AUTOS = YES_AGGRESSIVE;
				GCC_WARN_UNUSED_FUNCTION = YES;
				GCC_WARN_UNUSED_VARIABLE = YES;
				IPHONEOS_DEPLOYMENT_TARGET = 15.5;
				MTL_ENABLE_DEBUG_INFO = INCLUDE_SOURCE;
				MTL_FAST_MATH = YES;
				ONLY_ACTIVE_ARCH = YES;
				SDKROOT = iphoneos;
				SWIFT_ACTIVE_COMPILATION_CONDITIONS = DEBUG;
				SWIFT_OPTIMIZATION_LEVEL = "-Onone";
			};
			name = Debug;
		};
		93D941BA28CB12A3002CDB03 /* Release */ = {
			isa = XCBuildConfiguration;
			buildSettings = {
				ALWAYS_SEARCH_USER_PATHS = NO;
				CLANG_ANALYZER_NONNULL = YES;
				CLANG_ANALYZER_NUMBER_OBJECT_CONVERSION = YES_AGGRESSIVE;
				CLANG_CXX_LANGUAGE_STANDARD = "gnu++17";
				CLANG_ENABLE_MODULES = YES;
				CLANG_ENABLE_OBJC_ARC = YES;
				CLANG_ENABLE_OBJC_WEAK = YES;
				CLANG_WARN_BLOCK_CAPTURE_AUTORELEASING = YES;
				CLANG_WARN_BOOL_CONVERSION = YES;
				CLANG_WARN_COMMA = YES;
				CLANG_WARN_CONSTANT_CONVERSION = YES;
				CLANG_WARN_DEPRECATED_OBJC_IMPLEMENTATIONS = YES;
				CLANG_WARN_DIRECT_OBJC_ISA_USAGE = YES_ERROR;
				CLANG_WARN_DOCUMENTATION_COMMENTS = YES;
				CLANG_WARN_EMPTY_BODY = YES;
				CLANG_WARN_ENUM_CONVERSION = YES;
				CLANG_WARN_INFINITE_RECURSION = YES;
				CLANG_WARN_INT_CONVERSION = YES;
				CLANG_WARN_NON_LITERAL_NULL_CONVERSION = YES;
				CLANG_WARN_OBJC_IMPLICIT_RETAIN_SELF = YES;
				CLANG_WARN_OBJC_LITERAL_CONVERSION = YES;
				CLANG_WARN_OBJC_ROOT_CLASS = YES_ERROR;
				CLANG_WARN_QUOTED_INCLUDE_IN_FRAMEWORK_HEADER = YES;
				CLANG_WARN_RANGE_LOOP_ANALYSIS = YES;
				CLANG_WARN_STRICT_PROTOTYPES = YES;
				CLANG_WARN_SUSPICIOUS_MOVE = YES;
				CLANG_WARN_UNGUARDED_AVAILABILITY = YES_AGGRESSIVE;
				CLANG_WARN_UNREACHABLE_CODE = YES;
				CLANG_WARN__DUPLICATE_METHOD_MATCH = YES;
				COPY_PHASE_STRIP = NO;
				DEBUG_INFORMATION_FORMAT = "dwarf-with-dsym";
				ENABLE_NS_ASSERTIONS = NO;
				ENABLE_STRICT_OBJC_MSGSEND = YES;
				GCC_C_LANGUAGE_STANDARD = gnu11;
				GCC_NO_COMMON_BLOCKS = YES;
				GCC_WARN_64_TO_32_BIT_CONVERSION = YES;
				GCC_WARN_ABOUT_RETURN_TYPE = YES_ERROR;
				GCC_WARN_UNDECLARED_SELECTOR = YES;
				GCC_WARN_UNINITIALIZED_AUTOS = YES_AGGRESSIVE;
				GCC_WARN_UNUSED_FUNCTION = YES;
				GCC_WARN_UNUSED_VARIABLE = YES;
				IPHONEOS_DEPLOYMENT_TARGET = 15.5;
				MTL_ENABLE_DEBUG_INFO = NO;
				MTL_FAST_MATH = YES;
				SDKROOT = iphoneos;
				SWIFT_COMPILATION_MODE = wholemodule;
				SWIFT_OPTIMIZATION_LEVEL = "-O";
				VALIDATE_PRODUCT = YES;
			};
			name = Release;
		};
		93D941BC28CB12A3002CDB03 /* Debug */ = {
			isa = XCBuildConfiguration;
			baseConfigurationReference = 3C1D94B4648AFEF3AC1ECC18 /* Pods-Crossfit Diary.debug.xcconfig */;
			buildSettings = {
				ASSETCATALOG_COMPILER_APPICON_NAME = AppIcon;
				ASSETCATALOG_COMPILER_GLOBAL_ACCENT_COLOR_NAME = AccentColor;
				CODE_SIGN_ENTITLEMENTS = "Crossfit Diary/Crossfit Diary.entitlements";
				CODE_SIGN_STYLE = Automatic;
				CURRENT_PROJECT_VERSION = 10;
				DEBUG_INFORMATION_FORMAT = "dwarf-with-dsym";
				DEVELOPMENT_TEAM = FQ63CT4A3G;
				GENERATE_INFOPLIST_FILE = YES;
				INFOPLIST_FILE = "Crossfit Diary/Info.plist";
				INFOPLIST_KEY_CFBundleDisplayName = "와디";
				INFOPLIST_KEY_LSApplicationCategoryType = "public.app-category.lifestyle";
				INFOPLIST_KEY_NSLocationWhenInUseUsageDescription = "위치서비스를 허용하시면 이 근처 크로스핏 박스들을 확인할 수 있어요.";
				INFOPLIST_KEY_UIApplicationSupportsIndirectInputEvents = YES;
				INFOPLIST_KEY_UILaunchStoryboardName = LaunchScreen;
				INFOPLIST_KEY_UIMainStoryboardFile = Main;
				INFOPLIST_KEY_UISupportedInterfaceOrientations = UIInterfaceOrientationPortrait;
				INFOPLIST_KEY_UISupportedInterfaceOrientations_iPad = "UIInterfaceOrientationPortrait UIInterfaceOrientationPortraitUpsideDown";
				INFOPLIST_KEY_UIUserInterfaceStyle = Light;
				IPHONEOS_DEPLOYMENT_TARGET = 15.0;
				LD_RUNPATH_SEARCH_PATHS = (
					"$(inherited)",
					"@executable_path/Frameworks",
				);
				MARKETING_VERSION = 1.1;
				PRODUCT_BUNDLE_IDENTIFIER = "com.tekim.Crossfit-Diary";
				PRODUCT_NAME = "$(TARGET_NAME)";
				SUPPORTED_PLATFORMS = "iphoneos iphonesimulator";
				SUPPORTS_MACCATALYST = NO;
				SUPPORTS_MAC_DESIGNED_FOR_IPHONE_IPAD = NO;
				SWIFT_EMIT_LOC_STRINGS = YES;
				SWIFT_VERSION = 5.0;
				TARGETED_DEVICE_FAMILY = 1;
			};
			name = Debug;
		};
		93D941BD28CB12A3002CDB03 /* Release */ = {
			isa = XCBuildConfiguration;
			baseConfigurationReference = 6BA27EEFE1299CF16BB157A4 /* Pods-Crossfit Diary.release.xcconfig */;
			buildSettings = {
				ASSETCATALOG_COMPILER_APPICON_NAME = AppIcon;
				ASSETCATALOG_COMPILER_GLOBAL_ACCENT_COLOR_NAME = AccentColor;
				CODE_SIGN_ENTITLEMENTS = "Crossfit Diary/Crossfit Diary.entitlements";
				CODE_SIGN_STYLE = Automatic;
				CURRENT_PROJECT_VERSION = 10;
				DEVELOPMENT_TEAM = FQ63CT4A3G;
				GENERATE_INFOPLIST_FILE = YES;
				INFOPLIST_FILE = "Crossfit Diary/Info.plist";
				INFOPLIST_KEY_CFBundleDisplayName = "와디";
				INFOPLIST_KEY_LSApplicationCategoryType = "public.app-category.lifestyle";
				INFOPLIST_KEY_NSLocationWhenInUseUsageDescription = "위치서비스를 허용하시면 이 근처 크로스핏 박스들을 확인할 수 있어요.";
				INFOPLIST_KEY_UIApplicationSupportsIndirectInputEvents = YES;
				INFOPLIST_KEY_UILaunchStoryboardName = LaunchScreen;
				INFOPLIST_KEY_UIMainStoryboardFile = Main;
				INFOPLIST_KEY_UISupportedInterfaceOrientations = UIInterfaceOrientationPortrait;
				INFOPLIST_KEY_UISupportedInterfaceOrientations_iPad = "UIInterfaceOrientationPortrait UIInterfaceOrientationPortraitUpsideDown";
				INFOPLIST_KEY_UIUserInterfaceStyle = Light;
				IPHONEOS_DEPLOYMENT_TARGET = 15.0;
				LD_RUNPATH_SEARCH_PATHS = (
					"$(inherited)",
					"@executable_path/Frameworks",
				);
				MARKETING_VERSION = 1.1;
				PRODUCT_BUNDLE_IDENTIFIER = "com.tekim.Crossfit-Diary";
				PRODUCT_NAME = "$(TARGET_NAME)";
				SUPPORTED_PLATFORMS = "iphoneos iphonesimulator";
				SUPPORTS_MACCATALYST = NO;
				SUPPORTS_MAC_DESIGNED_FOR_IPHONE_IPAD = NO;
				SWIFT_EMIT_LOC_STRINGS = YES;
				SWIFT_VERSION = 5.0;
				TARGETED_DEVICE_FAMILY = 1;
			};
			name = Release;
		};
/* End XCBuildConfiguration section */

/* Begin XCConfigurationList section */
		93D941A228CB129F002CDB03 /* Build configuration list for PBXProject "Crossfit Diary" */ = {
			isa = XCConfigurationList;
			buildConfigurations = (
				93D941B928CB12A3002CDB03 /* Debug */,
				93D941BA28CB12A3002CDB03 /* Release */,
			);
			defaultConfigurationIsVisible = 0;
			defaultConfigurationName = Release;
		};
		93D941BB28CB12A3002CDB03 /* Build configuration list for PBXNativeTarget "Crossfit Diary" */ = {
			isa = XCConfigurationList;
			buildConfigurations = (
				93D941BC28CB12A3002CDB03 /* Debug */,
				93D941BD28CB12A3002CDB03 /* Release */,
			);
			defaultConfigurationIsVisible = 0;
			defaultConfigurationName = Release;
		};
/* End XCConfigurationList section */

/* Begin XCRemoteSwiftPackageReference section */
		9374377628D97DFF00D67C12 /* XCRemoteSwiftPackageReference "Alamofire" */ = {
			isa = XCRemoteSwiftPackageReference;
			repositoryURL = "https://github.com/Alamofire/Alamofire";
			requirement = {
				kind = upToNextMajorVersion;
				minimumVersion = 5.0.0;
			};
		};
		9374377928D97E1300D67C12 /* XCRemoteSwiftPackageReference "SwiftyJSON" */ = {
			isa = XCRemoteSwiftPackageReference;
			repositoryURL = "https://github.com/SwiftyJSON/SwiftyJSON";
			requirement = {
				kind = upToNextMajorVersion;
				minimumVersion = 5.0.0;
			};
		};
		9374378128DAEF6D00D67C12 /* XCRemoteSwiftPackageReference "Toast-Swift" */ = {
			isa = XCRemoteSwiftPackageReference;
			repositoryURL = "https://github.com/scalessec/Toast-Swift.git";
			requirement = {
				kind = upToNextMajorVersion;
				minimumVersion = 5.0.0;
			};
		};
		9374378828DDA3D000D67C12 /* XCRemoteSwiftPackageReference "IQKeyboardManager" */ = {
			isa = XCRemoteSwiftPackageReference;
			repositoryURL = "https://github.com/hackiftekhar/IQKeyboardManager.git";
			requirement = {
				kind = upToNextMajorVersion;
				minimumVersion = 6.3.0;
			};
		};
		93CAC60028E3DCEE00DC85D0 /* XCRemoteSwiftPackageReference "realm-swift" */ = {
			isa = XCRemoteSwiftPackageReference;
			repositoryURL = "https://github.com/realm/realm-swift.git";
			requirement = {
				kind = exactVersion;
				version = 10.30.0;
			};
		};
		93CAC60A28E8472700DC85D0 /* XCRemoteSwiftPackageReference "Cluster" */ = {
			isa = XCRemoteSwiftPackageReference;
			repositoryURL = "https://github.com/efremidze/Cluster.git";
			requirement = {
				kind = upToNextMajorVersion;
				minimumVersion = 3.0.0;
			};
		};
		93D941DE28CB1F72002CDB03 /* XCRemoteSwiftPackageReference "SnapKit" */ = {
			isa = XCRemoteSwiftPackageReference;
			repositoryURL = "https://github.com/SnapKit/SnapKit.git";
			requirement = {
				kind = upToNextMajorVersion;
				minimumVersion = 5.0.0;
			};
		};
		93D941E628CB1FAC002CDB03 /* XCRemoteSwiftPackageReference "FSCalendar" */ = {
			isa = XCRemoteSwiftPackageReference;
			repositoryURL = "https://github.com/WenchaoD/FSCalendar.git";
			requirement = {
				kind = upToNextMajorVersion;
				minimumVersion = 2.0.0;
			};
		};
		93DB553128F926E200740087 /* XCRemoteSwiftPackageReference "firebase-ios-sdk" */ = {
			isa = XCRemoteSwiftPackageReference;
			repositoryURL = "https://github.com/firebase/firebase-ios-sdk";
			requirement = {
				kind = upToNextMajorVersion;
				minimumVersion = 9.0.0;
			};
		};
/* End XCRemoteSwiftPackageReference section */

/* Begin XCSwiftPackageProductDependency section */
		9374377728D97DFF00D67C12 /* Alamofire */ = {
			isa = XCSwiftPackageProductDependency;
			package = 9374377628D97DFF00D67C12 /* XCRemoteSwiftPackageReference "Alamofire" */;
			productName = Alamofire;
		};
		9374377A28D97E1300D67C12 /* SwiftyJSON */ = {
			isa = XCSwiftPackageProductDependency;
			package = 9374377928D97E1300D67C12 /* XCRemoteSwiftPackageReference "SwiftyJSON" */;
			productName = SwiftyJSON;
		};
		9374378228DAEF6D00D67C12 /* Toast */ = {
			isa = XCSwiftPackageProductDependency;
			package = 9374378128DAEF6D00D67C12 /* XCRemoteSwiftPackageReference "Toast-Swift" */;
			productName = Toast;
		};
		9374378928DDA3D100D67C12 /* IQKeyboardManagerSwift */ = {
			isa = XCSwiftPackageProductDependency;
			package = 9374378828DDA3D000D67C12 /* XCRemoteSwiftPackageReference "IQKeyboardManager" */;
			productName = IQKeyboardManagerSwift;
		};
		93CAC60128E3DCEE00DC85D0 /* Realm */ = {
			isa = XCSwiftPackageProductDependency;
			package = 93CAC60028E3DCEE00DC85D0 /* XCRemoteSwiftPackageReference "realm-swift" */;
			productName = Realm;
		};
		93CAC60328E3DCEE00DC85D0 /* RealmSwift */ = {
			isa = XCSwiftPackageProductDependency;
			package = 93CAC60028E3DCEE00DC85D0 /* XCRemoteSwiftPackageReference "realm-swift" */;
			productName = RealmSwift;
		};
		93CAC60B28E8472700DC85D0 /* Cluster */ = {
			isa = XCSwiftPackageProductDependency;
			package = 93CAC60A28E8472700DC85D0 /* XCRemoteSwiftPackageReference "Cluster" */;
			productName = Cluster;
		};
		93D941DF28CB1F72002CDB03 /* SnapKit */ = {
			isa = XCSwiftPackageProductDependency;
			package = 93D941DE28CB1F72002CDB03 /* XCRemoteSwiftPackageReference "SnapKit" */;
			productName = SnapKit;
		};
		93D941E728CB1FAC002CDB03 /* FSCalendar */ = {
			isa = XCSwiftPackageProductDependency;
			package = 93D941E628CB1FAC002CDB03 /* XCRemoteSwiftPackageReference "FSCalendar" */;
			productName = FSCalendar;
		};
		93DB553228F926E300740087 /* FirebaseAnalyticsWithoutAdIdSupport */ = {
			isa = XCSwiftPackageProductDependency;
			package = 93DB553128F926E200740087 /* XCRemoteSwiftPackageReference "firebase-ios-sdk" */;
			productName = FirebaseAnalyticsWithoutAdIdSupport;
		};
		93DB553428F926E300740087 /* FirebaseCrashlytics */ = {
			isa = XCSwiftPackageProductDependency;
			package = 93DB553128F926E200740087 /* XCRemoteSwiftPackageReference "firebase-ios-sdk" */;
			productName = FirebaseCrashlytics;
		};
		93DB553628F926E300740087 /* FirebaseMessaging */ = {
			isa = XCSwiftPackageProductDependency;
			package = 93DB553128F926E200740087 /* XCRemoteSwiftPackageReference "firebase-ios-sdk" */;
			productName = FirebaseMessaging;
		};
/* End XCSwiftPackageProductDependency section */
	};
	rootObject = 93D9419F28CB129F002CDB03 /* Project object */;
}
